
Microsoft Visual Studio Solution File, Format Version 12.00
# Visual Studio Version 16
VisualStudioVersion = 16.0.31727.386
MinimumVisualStudioVersion = 10.0.40219.1
Project("{9A19103F-16F7-4668-BE54-9A1E7A4F7556}") = "clientes-DC-szicom", "clientes-DC-szicom.csproj", "{6E2CB706-FBE1-4392-A140-68FB9B5A7347}"
EndProject
Project("{9A19103F-16F7-4668-BE54-9A1E7A4F7556}") = "ModeloDatos", "..\problema-clientes-FD-szicom\problema-clientes-FD-szicom\ModeloDatos\ModeloDatos.csproj", "{5F3863B1-1E28-43C5-8E93-183579F41553}"
EndProject
Project("{FAE04EC0-301F-11D3-BF4B-00C04F79EFBC}") = "Importador", "..\Importador\Importador.csproj", "{B5F68DC0-B1E3-49C2-98B0-0AC2698A77C1}"
EndProject
Project("{FAE04EC0-301F-11D3-BF4B-00C04F79EFBC}") = "CalculadoraService", "..\CalculadoraService\CalculadoraService.csproj", "{8899ED6A-35D7-429D-8062-EBFAA084AEFD}"
EndProject
Global
	GlobalSection(SolutionConfigurationPlatforms) = preSolution
		Debug|Any CPU = Debug|Any CPU
		Release|Any CPU = Release|Any CPU
	EndGlobalSection
	GlobalSection(ProjectConfigurationPlatforms) = postSolution
		{6E2CB706-FBE1-4392-A140-68FB9B5A7347}.Debug|Any CPU.ActiveCfg = Debug|Any CPU
		{6E2CB706-FBE1-4392-A140-68FB9B5A7347}.Debug|Any CPU.Build.0 = Debug|Any CPU
		{6E2CB706-FBE1-4392-A140-68FB9B5A7347}.Release|Any CPU.ActiveCfg = Release|Any CPU
		{6E2CB706-FBE1-4392-A140-68FB9B5A7347}.Release|Any CPU.Build.0 = Release|Any CPU
		{5F3863B1-1E28-43C5-8E93-183579F41553}.Debug|Any CPU.ActiveCfg = Debug|Any CPU
		{5F3863B1-1E28-43C5-8E93-183579F41553}.Debug|Any CPU.Build.0 = Debug|Any CPU
		{5F3863B1-1E28-43C5-8E93-183579F41553}.Release|Any CPU.ActiveCfg = Release|Any CPU
		{5F3863B1-1E28-43C5-8E93-183579F41553}.Release|Any CPU.Build.0 = Release|Any CPU
		{B5F68DC0-B1E3-49C2-98B0-0AC2698A77C1}.Debug|Any CPU.ActiveCfg = Debug|Any CPU
		{B5F68DC0-B1E3-49C2-98B0-0AC2698A77C1}.Debug|Any CPU.Build.0 = Debug|Any CPU
		{B5F68DC0-B1E3-49C2-98B0-0AC2698A77C1}.Release|Any CPU.ActiveCfg = Release|Any CPU
		{B5F68DC0-B1E3-49C2-98B0-0AC2698A77C1}.Release|Any CPU.Build.0 = Release|Any CPU
		{8899ED6A-35D7-429D-8062-EBFAA084AEFD}.Debug|Any CPU.ActiveCfg = Debug|Any CPU
		{8899ED6A-35D7-429D-8062-EBFAA084AEFD}.Debug|Any CPU.Build.0 = Debug|Any CPU
		{8899ED6A-35D7-429D-8062-EBFAA084AEFD}.Release|Any CPU.ActiveCfg = Release|Any CPU
		{8899ED6A-35D7-429D-8062-EBFAA084AEFD}.Release|Any CPU.Build.0 = Release|Any CPU
	EndGlobalSection
	GlobalSection(SolutionProperties) = preSolution
		HideSolutionNode = FALSE
	EndGlobalSection
	GlobalSection(ExtensibilityGlobals) = postSolution
		SolutionGuid = {7FCDEEA3-0178-48D3-B6D2-8ED042B421CA}
	EndGlobalSection
EndGlobal
